
Microsoft Visual Studio Solution File, Format Version 12.00
# Visual Studio Version 16
VisualStudioVersion = 16.0.29911.84
MinimumVisualStudioVersion = 10.0.40219.1
Project("{FAE04EC0-301F-11D3-BF4B-00C04F79EFBC}") = "ThermalCam", "ThermalCam\ThermalCam.csproj", "{C160E953-EE65-4996-A843-65952F0BA8C2}"
EndProject
Project("{FAE04EC0-301F-11D3-BF4B-00C04F79EFBC}") = "NetSDKCS", "NetSDKCS\NetSDKCS.csproj", "{60CFBA25-F7CE-4140-A7E3-5355A25198E5}"
EndProject
Global
	GlobalSection(SolutionConfigurationPlatforms) = preSolution
		CheckInBuild|Any CPU = CheckInBuild|Any CPU
		CheckInBuild|x64 = CheckInBuild|x64
		CheckInBuild|x86 = CheckInBuild|x86
		Debug|Any CPU = Debug|Any CPU
		Debug|x64 = Debug|x64
		Debug|x86 = Debug|x86
		Release|Any CPU = Release|Any CPU
		Release|x64 = Release|x64
		Release|x86 = Release|x86
	EndGlobalSection
	GlobalSection(ProjectConfigurationPlatforms) = postSolution
		{C160E953-EE65-4996-A843-65952F0BA8C2}.CheckInBuild|Any CPU.ActiveCfg = Release|Any CPU
		{C160E953-EE65-4996-A843-65952F0BA8C2}.CheckInBuild|Any CPU.Build.0 = Release|Any CPU
		{C160E953-EE65-4996-A843-65952F0BA8C2}.CheckInBuild|x64.ActiveCfg = Release|x64
		{C160E953-EE65-4996-A843-65952F0BA8C2}.CheckInBuild|x64.Build.0 = Release|x64
		{C160E953-EE65-4996-A843-65952F0BA8C2}.CheckInBuild|x86.ActiveCfg = Release|x86
		{C160E953-EE65-4996-A843-65952F0BA8C2}.CheckInBuild|x86.Build.0 = Release|x86
		{C160E953-EE65-4996-A843-65952F0BA8C2}.Debug|Any CPU.ActiveCfg = Debug|Any CPU
		{C160E953-EE65-4996-A843-65952F0BA8C2}.Debug|Any CPU.Build.0 = Debug|Any CPU
		{C160E953-EE65-4996-A843-65952F0BA8C2}.Debug|x64.ActiveCfg = Debug|x64
		{C160E953-EE65-4996-A843-65952F0BA8C2}.Debug|x64.Build.0 = Debug|x64
		{C160E953-EE65-4996-A843-65952F0BA8C2}.Debug|x86.ActiveCfg = Debug|x86
		{C160E953-EE65-4996-A843-65952F0BA8C2}.Debug|x86.Build.0 = Debug|x86
		{C160E953-EE65-4996-A843-65952F0BA8C2}.Release|Any CPU.ActiveCfg = Release|Any CPU
		{C160E953-EE65-4996-A843-65952F0BA8C2}.Release|Any CPU.Build.0 = Release|Any CPU
		{C160E953-EE65-4996-A843-65952F0BA8C2}.Release|x64.ActiveCfg = Release|x64
		{C160E953-EE65-4996-A843-65952F0BA8C2}.Release|x64.Build.0 = Release|x64
		{C160E953-EE65-4996-A843-65952F0BA8C2}.Release|x86.ActiveCfg = Release|x86
		{C160E953-EE65-4996-A843-65952F0BA8C2}.Release|x86.Build.0 = Release|x86
		{60CFBA25-F7CE-4140-A7E3-5355A25198E5}.CheckInBuild|Any CPU.ActiveCfg = Release|x86
		{60CFBA25-F7CE-4140-A7E3-5355A25198E5}.CheckInBuild|Any CPU.Build.0 = Release|x86
		{60CFBA25-F7CE-4140-A7E3-5355A25198E5}.CheckInBuild|x64.ActiveCfg = Release|x64
		{60CFBA25-F7CE-4140-A7E3-5355A25198E5}.CheckInBuild|x64.Build.0 = Release|x64
		{60CFBA25-F7CE-4140-A7E3-5355A25198E5}.CheckInBuild|x86.ActiveCfg = Release|x86
		{60CFBA25-F7CE-4140-A7E3-5355A25198E5}.CheckInBuild|x86.Build.0 = Release|x86
		{60CFBA25-F7CE-4140-A7E3-5355A25198E5}.Debug|Any CPU.ActiveCfg = Debug|x86
		{60CFBA25-F7CE-4140-A7E3-5355A25198E5}.Debug|x64.ActiveCfg = Debug|x64
		{60CFBA25-F7CE-4140-A7E3-5355A25198E5}.Debug|x64.Build.0 = Debug|x64
		{60CFBA25-F7CE-4140-A7E3-5355A25198E5}.Debug|x86.ActiveCfg = Debug|x86
		{60CFBA25-F7CE-4140-A7E3-5355A25198E5}.Debug|x86.Build.0 = Debug|x86
		{60CFBA25-F7CE-4140-A7E3-5355A25198E5}.Release|Any CPU.ActiveCfg = Release|x86
		{60CFBA25-F7CE-4140-A7E3-5355A25198E5}.Release|x64.ActiveCfg = Release|x64
		{60CFBA25-F7CE-4140-A7E3-5355A25198E5}.Release|x64.Build.0 = Release|x64
		{60CFBA25-F7CE-4140-A7E3-5355A25198E5}.Release|x86.ActiveCfg = Release|x86
		{60CFBA25-F7CE-4140-A7E3-5355A25198E5}.Release|x86.Build.0 = Release|x86
	EndGlobalSection
	GlobalSection(SolutionProperties) = preSolution
		HideSolutionNode = FALSE
	EndGlobalSection
	GlobalSection(ExtensibilityGlobals) = postSolution
		SolutionGuid = {14690FD1-A2B0-4682-BAE5-EC7E3E751B68}
	EndGlobalSection
EndGlobal
